
Microsoft Visual Studio Solution File, Format Version 12.00
# Visual Studio 2012
Project("{FAE04EC0-301F-11D3-BF4B-00C04F79EFBC}") = "CorporateActionsImport", "CorporateActionsImport\CorporateActionsImport.csproj", "{7AFE0362-E53E-4453-9694-D1A6C0F882EA}"
EndProject
Project("{FAE04EC0-301F-11D3-BF4B-00C04F79EFBC}") = "HugoCorporateActionsLib", "HugoCorporateActionsLib\HugoCorporateActionsLib.csproj", "{1D2BAB63-E199-4C0E-BCD8-7AB261393721}"
EndProject
Project("{FAE04EC0-301F-11D3-BF4B-00C04F79EFBC}") = "HugoCorporateActionsTests", "HugoCorporateActionsTests\HugoCorporateActionsTests.csproj", "{5E8B8D49-483A-4FF6-A47A-9F64DC2B657A}"
EndProject
Project("{FAE04EC0-301F-11D3-BF4B-00C04F79EFBC}") = "CorporateActionsImportTests", "CorporateActionsImportTests\CorporateActionsImportTests.csproj", "{578626E4-0EAB-42FD-AC3C-5E8892DBC837}"
EndProject
Project("{6141683F-8A12-4E36-9623-2EB02B2C2303}") = "CorporateActionsImportSetup", "CorporateActionsImportSetup\CorporateActionsImportSetup.isproj", "{BB569198-F0E2-4B6D-A1ED-E5119B703DFF}"
	ProjectSection(ProjectDependencies) = postProject
		{7AFE0362-E53E-4453-9694-D1A6C0F882EA} = {7AFE0362-E53E-4453-9694-D1A6C0F882EA}
	EndProjectSection
EndProject
Project("{FAE04EC0-301F-11D3-BF4B-00C04F79EFBC}") = "CorporateActionsLib", "CorporateActionsLib\CorporateActionsLib.csproj", "{887BCBCE-A9AE-46FE-88A5-9AF29303F703}"
EndProject
Global
	GlobalSection(SolutionConfigurationPlatforms) = preSolution
		CD_ROM|Any CPU = CD_ROM|Any CPU
		CD_ROM|x86 = CD_ROM|x86
		Debug|Any CPU = Debug|Any CPU
		Debug|x86 = Debug|x86
		DVD-5|Any CPU = DVD-5|Any CPU
		DVD-5|x86 = DVD-5|x86
		Release|Any CPU = Release|Any CPU
		Release|x86 = Release|x86
		SingleImage|Any CPU = SingleImage|Any CPU
		SingleImage|x86 = SingleImage|x86
	EndGlobalSection
	GlobalSection(ProjectConfigurationPlatforms) = postSolution
		{7AFE0362-E53E-4453-9694-D1A6C0F882EA}.CD_ROM|Any CPU.ActiveCfg = Release|Any CPU
		{7AFE0362-E53E-4453-9694-D1A6C0F882EA}.CD_ROM|Any CPU.Build.0 = Release|Any CPU
		{7AFE0362-E53E-4453-9694-D1A6C0F882EA}.CD_ROM|x86.ActiveCfg = Debug|Any CPU
		{7AFE0362-E53E-4453-9694-D1A6C0F882EA}.Debug|Any CPU.ActiveCfg = Debug|Any CPU
		{7AFE0362-E53E-4453-9694-D1A6C0F882EA}.Debug|Any CPU.Build.0 = Debug|Any CPU
		{7AFE0362-E53E-4453-9694-D1A6C0F882EA}.Debug|x86.ActiveCfg = Debug|Any CPU
		{7AFE0362-E53E-4453-9694-D1A6C0F882EA}.DVD-5|Any CPU.ActiveCfg = Debug|Any CPU
		{7AFE0362-E53E-4453-9694-D1A6C0F882EA}.DVD-5|Any CPU.Build.0 = Debug|Any CPU
		{7AFE0362-E53E-4453-9694-D1A6C0F882EA}.DVD-5|x86.ActiveCfg = Debug|Any CPU
		{7AFE0362-E53E-4453-9694-D1A6C0F882EA}.Release|Any CPU.ActiveCfg = Release|Any CPU
		{7AFE0362-E53E-4453-9694-D1A6C0F882EA}.Release|Any CPU.Build.0 = Release|Any CPU
		{7AFE0362-E53E-4453-9694-D1A6C0F882EA}.Release|x86.ActiveCfg = Release|Any CPU
		{7AFE0362-E53E-4453-9694-D1A6C0F882EA}.SingleImage|Any CPU.ActiveCfg = Release|Any CPU
		{7AFE0362-E53E-4453-9694-D1A6C0F882EA}.SingleImage|Any CPU.Build.0 = Release|Any CPU
		{7AFE0362-E53E-4453-9694-D1A6C0F882EA}.SingleImage|x86.ActiveCfg = Debug|Any CPU
		{1D2BAB63-E199-4C0E-BCD8-7AB261393721}.CD_ROM|Any CPU.ActiveCfg = Release|Any CPU
		{1D2BAB63-E199-4C0E-BCD8-7AB261393721}.CD_ROM|Any CPU.Build.0 = Release|Any CPU
		{1D2BAB63-E199-4C0E-BCD8-7AB261393721}.CD_ROM|x86.ActiveCfg = Debug|Any CPU
		{1D2BAB63-E199-4C0E-BCD8-7AB261393721}.Debug|Any CPU.ActiveCfg = Debug|Any CPU
		{1D2BAB63-E199-4C0E-BCD8-7AB261393721}.Debug|Any CPU.Build.0 = Debug|Any CPU
		{1D2BAB63-E199-4C0E-BCD8-7AB261393721}.Debug|x86.ActiveCfg = Debug|Any CPU
		{1D2BAB63-E199-4C0E-BCD8-7AB261393721}.DVD-5|Any CPU.ActiveCfg = Debug|Any CPU
		{1D2BAB63-E199-4C0E-BCD8-7AB261393721}.DVD-5|Any CPU.Build.0 = Debug|Any CPU
		{1D2BAB63-E199-4C0E-BCD8-7AB261393721}.DVD-5|x86.ActiveCfg = Debug|Any CPU
		{1D2BAB63-E199-4C0E-BCD8-7AB261393721}.Release|Any CPU.ActiveCfg = Release|Any CPU
		{1D2BAB63-E199-4C0E-BCD8-7AB261393721}.Release|Any CPU.Build.0 = Release|Any CPU
		{1D2BAB63-E199-4C0E-BCD8-7AB261393721}.Release|x86.ActiveCfg = Release|Any CPU
		{1D2BAB63-E199-4C0E-BCD8-7AB261393721}.SingleImage|Any CPU.ActiveCfg = Release|Any CPU
		{1D2BAB63-E199-4C0E-BCD8-7AB261393721}.SingleImage|Any CPU.Build.0 = Release|Any CPU
		{1D2BAB63-E199-4C0E-BCD8-7AB261393721}.SingleImage|x86.ActiveCfg = Debug|Any CPU
		{5E8B8D49-483A-4FF6-A47A-9F64DC2B657A}.CD_ROM|Any CPU.ActiveCfg = Release|Any CPU
		{5E8B8D49-483A-4FF6-A47A-9F64DC2B657A}.CD_ROM|Any CPU.Build.0 = Release|Any CPU
		{5E8B8D49-483A-4FF6-A47A-9F64DC2B657A}.CD_ROM|x86.ActiveCfg = Debug|Any CPU
		{5E8B8D49-483A-4FF6-A47A-9F64DC2B657A}.Debug|Any CPU.ActiveCfg = Debug|Any CPU
		{5E8B8D49-483A-4FF6-A47A-9F64DC2B657A}.Debug|Any CPU.Build.0 = Debug|Any CPU
		{5E8B8D49-483A-4FF6-A47A-9F64DC2B657A}.Debug|x86.ActiveCfg = Debug|Any CPU
		{5E8B8D49-483A-4FF6-A47A-9F64DC2B657A}.DVD-5|Any CPU.ActiveCfg = Debug|Any CPU
		{5E8B8D49-483A-4FF6-A47A-9F64DC2B657A}.DVD-5|Any CPU.Build.0 = Debug|Any CPU
		{5E8B8D49-483A-4FF6-A47A-9F64DC2B657A}.DVD-5|x86.ActiveCfg = Debug|Any CPU
		{5E8B8D49-483A-4FF6-A47A-9F64DC2B657A}.Release|Any CPU.ActiveCfg = Release|Any CPU
		{5E8B8D49-483A-4FF6-A47A-9F64DC2B657A}.Release|Any CPU.Build.0 = Release|Any CPU
		{5E8B8D49-483A-4FF6-A47A-9F64DC2B657A}.Release|x86.ActiveCfg = Release|Any CPU
		{5E8B8D49-483A-4FF6-A47A-9F64DC2B657A}.SingleImage|Any CPU.ActiveCfg = Release|Any CPU
		{5E8B8D49-483A-4FF6-A47A-9F64DC2B657A}.SingleImage|Any CPU.Build.0 = Release|Any CPU
		{5E8B8D49-483A-4FF6-A47A-9F64DC2B657A}.SingleImage|x86.ActiveCfg = Debug|Any CPU
		{578626E4-0EAB-42FD-AC3C-5E8892DBC837}.CD_ROM|Any CPU.ActiveCfg = Release|Any CPU
		{578626E4-0EAB-42FD-AC3C-5E8892DBC837}.CD_ROM|Any CPU.Build.0 = Release|Any CPU
		{578626E4-0EAB-42FD-AC3C-5E8892DBC837}.CD_ROM|x86.ActiveCfg = Debug|Any CPU
		{578626E4-0EAB-42FD-AC3C-5E8892DBC837}.Debug|Any CPU.ActiveCfg = Debug|Any CPU
		{578626E4-0EAB-42FD-AC3C-5E8892DBC837}.Debug|x86.ActiveCfg = Debug|Any CPU
		{578626E4-0EAB-42FD-AC3C-5E8892DBC837}.DVD-5|Any CPU.ActiveCfg = Debug|Any CPU
		{578626E4-0EAB-42FD-AC3C-5E8892DBC837}.DVD-5|Any CPU.Build.0 = Debug|Any CPU
		{578626E4-0EAB-42FD-AC3C-5E8892DBC837}.DVD-5|x86.ActiveCfg = Debug|Any CPU
		{578626E4-0EAB-42FD-AC3C-5E8892DBC837}.Release|Any CPU.ActiveCfg = Release|Any CPU
		{578626E4-0EAB-42FD-AC3C-5E8892DBC837}.Release|Any CPU.Build.0 = Release|Any CPU
		{578626E4-0EAB-42FD-AC3C-5E8892DBC837}.Release|x86.ActiveCfg = Release|Any CPU
		{578626E4-0EAB-42FD-AC3C-5E8892DBC837}.SingleImage|Any CPU.ActiveCfg = Release|Any CPU
		{578626E4-0EAB-42FD-AC3C-5E8892DBC837}.SingleImage|Any CPU.Build.0 = Release|Any CPU
		{578626E4-0EAB-42FD-AC3C-5E8892DBC837}.SingleImage|x86.ActiveCfg = Debug|Any CPU
		{BB569198-F0E2-4B6D-A1ED-E5119B703DFF}.CD_ROM|Any CPU.ActiveCfg = CD_ROM
		{BB569198-F0E2-4B6D-A1ED-E5119B703DFF}.CD_ROM|Any CPU.Build.0 = CD_ROM
		{BB569198-F0E2-4B6D-A1ED-E5119B703DFF}.CD_ROM|x86.ActiveCfg = CD_ROM
		{BB569198-F0E2-4B6D-A1ED-E5119B703DFF}.CD_ROM|x86.Build.0 = CD_ROM
		{BB569198-F0E2-4B6D-A1ED-E5119B703DFF}.Debug|Any CPU.ActiveCfg = SingleImage
		{BB569198-F0E2-4B6D-A1ED-E5119B703DFF}.Debug|x86.ActiveCfg = DVD-5
		{BB569198-F0E2-4B6D-A1ED-E5119B703DFF}.Debug|x86.Build.0 = DVD-5
		{BB569198-F0E2-4B6D-A1ED-E5119B703DFF}.DVD-5|Any CPU.ActiveCfg = DVD-5
		{BB569198-F0E2-4B6D-A1ED-E5119B703DFF}.DVD-5|Any CPU.Build.0 = DVD-5
		{BB569198-F0E2-4B6D-A1ED-E5119B703DFF}.DVD-5|x86.ActiveCfg = DVD-5
		{BB569198-F0E2-4B6D-A1ED-E5119B703DFF}.DVD-5|x86.Build.0 = DVD-5
		{BB569198-F0E2-4B6D-A1ED-E5119B703DFF}.Release|Any CPU.ActiveCfg = SingleImage
		{BB569198-F0E2-4B6D-A1ED-E5119B703DFF}.Release|Any CPU.Build.0 = SingleImage
		{BB569198-F0E2-4B6D-A1ED-E5119B703DFF}.Release|x86.ActiveCfg = SingleImage
		{BB569198-F0E2-4B6D-A1ED-E5119B703DFF}.Release|x86.Build.0 = SingleImage
		{BB569198-F0E2-4B6D-A1ED-E5119B703DFF}.SingleImage|Any CPU.ActiveCfg = SingleImage
		{BB569198-F0E2-4B6D-A1ED-E5119B703DFF}.SingleImage|Any CPU.Build.0 = SingleImage
		{BB569198-F0E2-4B6D-A1ED-E5119B703DFF}.SingleImage|x86.ActiveCfg = SingleImage
		{BB569198-F0E2-4B6D-A1ED-E5119B703DFF}.SingleImage|x86.Build.0 = SingleImage
		{887BCBCE-A9AE-46FE-88A5-9AF29303F703}.CD_ROM|Any CPU.ActiveCfg = Release|Any CPU
		{887BCBCE-A9AE-46FE-88A5-9AF29303F703}.CD_ROM|Any CPU.Build.0 = Release|Any CPU
		{887BCBCE-A9AE-46FE-88A5-9AF29303F703}.CD_ROM|x86.ActiveCfg = Release|Any CPU
		{887BCBCE-A9AE-46FE-88A5-9AF29303F703}.Debug|Any CPU.ActiveCfg = Debug|Any CPU
		{887BCBCE-A9AE-46FE-88A5-9AF29303F703}.Debug|Any CPU.Build.0 = Debug|Any CPU
		{887BCBCE-A9AE-46FE-88A5-9AF29303F703}.Debug|x86.ActiveCfg = Debug|Any CPU
		{887BCBCE-A9AE-46FE-88A5-9AF29303F703}.DVD-5|Any CPU.ActiveCfg = Debug|Any CPU
		{887BCBCE-A9AE-46FE-88A5-9AF29303F703}.DVD-5|Any CPU.Build.0 = Debug|Any CPU
		{887BCBCE-A9AE-46FE-88A5-9AF29303F703}.DVD-5|x86.ActiveCfg = Debug|Any CPU
		{887BCBCE-A9AE-46FE-88A5-9AF29303F703}.Release|Any CPU.ActiveCfg = Release|Any CPU
		{887BCBCE-A9AE-46FE-88A5-9AF29303F703}.Release|Any CPU.Build.0 = Release|Any CPU
		{887BCBCE-A9AE-46FE-88A5-9AF29303F703}.Release|x86.ActiveCfg = Release|Any CPU
		{887BCBCE-A9AE-46FE-88A5-9AF29303F703}.SingleImage|Any CPU.ActiveCfg = Release|Any CPU
		{887BCBCE-A9AE-46FE-88A5-9AF29303F703}.SingleImage|Any CPU.Build.0 = Release|Any CPU
		{887BCBCE-A9AE-46FE-88A5-9AF29303F703}.SingleImage|x86.ActiveCfg = Release|Any CPU
	EndGlobalSection
	GlobalSection(SolutionProperties) = preSolution
		HideSolutionNode = FALSE
	EndGlobalSection
EndGlobal
